
Microsoft Visual Studio Solution File, Format Version 11.00
# Visual Studio 2010
Project("{FAE04EC0-301F-11D3-BF4B-00C04F79EFBC}") = "ProjectEuler35", "ProjectEuler35\ProjectEuler35.csproj", "{05581E6F-AF7E-409B-8A11-02289CD8336E}"
EndProject
Global
	GlobalSection(SolutionConfigurationPlatforms) = preSolution
		Debug|x86 = Debug|x86
		Release|x86 = Release|x86
	EndGlobalSection
	GlobalSection(ProjectConfigurationPlatforms) = postSolution
		{05581E6F-AF7E-409B-8A11-02289CD8336E}.Debug|x86.ActiveCfg = Debug|x86
		{05581E6F-AF7E-409B-8A11-02289CD8336E}.Debug|x86.Build.0 = Debug|x86
		{05581E6F-AF7E-409B-8A11-02289CD8336E}.Release|x86.ActiveCfg = Release|x86
		{05581E6F-AF7E-409B-8A11-02289CD8336E}.Release|x86.Build.0 = Release|x86
	EndGlobalSection
	GlobalSection(SolutionProperties) = preSolution
		HideSolutionNode = FALSE
	EndGlobalSection
EndGlobal
